
Microsoft Visual Studio Solution File, Format Version 12.00
# Visual Studio Version 16
VisualStudioVersion = 16.0.32428.217
MinimumVisualStudioVersion = 10.0.40219.1
Project("{FAE04EC0-301F-11D3-BF4B-00C04F79EFBC}") = "Exercicio.NET", "Exercicio.NET.csproj", "{C6CE0B27-0ECC-4C6E-9117-461CBBFE674C}"
EndProject
Project("{2150E333-8FDC-42A3-9474-1A3956D46DE8}") = "CLNobel", "CLNobel", "{76C55AD2-384B-4FA9-AE0F-0E7AA332F843}"
	ProjectSection(SolutionItems) = preProject
		Nobel.cs = Nobel.cs
	EndProjectSection
EndProject
Global
	GlobalSection(SolutionConfigurationPlatforms) = preSolution
		Debug|Any CPU = Debug|Any CPU
		Release|Any CPU = Release|Any CPU
	EndGlobalSection
	GlobalSection(ProjectConfigurationPlatforms) = postSolution
		{C6CE0B27-0ECC-4C6E-9117-461CBBFE674C}.Debug|Any CPU.ActiveCfg = Debug|Any CPU
		{C6CE0B27-0ECC-4C6E-9117-461CBBFE674C}.Debug|Any CPU.Build.0 = Debug|Any CPU
		{C6CE0B27-0ECC-4C6E-9117-461CBBFE674C}.Release|Any CPU.ActiveCfg = Release|Any CPU
		{C6CE0B27-0ECC-4C6E-9117-461CBBFE674C}.Release|Any CPU.Build.0 = Release|Any CPU
	EndGlobalSection
	GlobalSection(SolutionProperties) = preSolution
		HideSolutionNode = FALSE
	EndGlobalSection
	GlobalSection(ExtensibilityGlobals) = postSolution
		SolutionGuid = {308F290D-4201-41FF-B95A-D27C6A4B5BCC}
	EndGlobalSection
EndGlobal
